// !$*UTF8*$!
{
	archiveVersion = 1;
	classes = {
	};
	objectVersion = 50;
	objects = {

/* Begin PBXBuildFile section */
		635C6DBC23EC6B5700AA60E7 /* AppDelegate.swift in Sources */ = {isa = PBXBuildFile; fileRef = 635C6DBB23EC6B5700AA60E7 /* AppDelegate.swift */; };
		635C6DBE23EC6B5700AA60E7 /* SceneDelegate.swift in Sources */ = {isa = PBXBuildFile; fileRef = 635C6DBD23EC6B5700AA60E7 /* SceneDelegate.swift */; };
		635C6DC523EC6B5A00AA60E7 /* Assets.xcassets in Resources */ = {isa = PBXBuildFile; fileRef = 635C6DC423EC6B5A00AA60E7 /* Assets.xcassets */; };
		635C6DC823EC6B5A00AA60E7 /* LaunchScreen.storyboard in Resources */ = {isa = PBXBuildFile; fileRef = 635C6DC623EC6B5A00AA60E7 /* LaunchScreen.storyboard */; };
		635C6DD323EC6B5B00AA60E7 /* NYTTopStoriesTests.swift in Sources */ = {isa = PBXBuildFile; fileRef = 635C6DD223EC6B5B00AA60E7 /* NYTTopStoriesTests.swift */; };
		635C6DDE23EC6C3800AA60E7 /* TopStoriesTabController.swift in Sources */ = {isa = PBXBuildFile; fileRef = 635C6DDD23EC6C3800AA60E7 /* TopStoriesTabController.swift */; };
		635C6DE223EC6E5200AA60E7 /* NewsFeedVC.swift in Sources */ = {isa = PBXBuildFile; fileRef = 635C6DE123EC6E5200AA60E7 /* NewsFeedVC.swift */; };
		635C6DE423EC6E6E00AA60E7 /* SavedArticleVC.swift in Sources */ = {isa = PBXBuildFile; fileRef = 635C6DE323EC6E6E00AA60E7 /* SavedArticleVC.swift */; };
		635C6DE623EC6E8C00AA60E7 /* SettingsVC.swift in Sources */ = {isa = PBXBuildFile; fileRef = 635C6DE523EC6E8C00AA60E7 /* SettingsVC.swift */; };
/* End PBXBuildFile section */

/* Begin PBXContainerItemProxy section */
		635C6DCF23EC6B5B00AA60E7 /* PBXContainerItemProxy */ = {
			isa = PBXContainerItemProxy;
			containerPortal = 635C6DB023EC6B5700AA60E7 /* Project object */;
			proxyType = 1;
			remoteGlobalIDString = 635C6DB723EC6B5700AA60E7;
			remoteInfo = NYTTopStories;
		};
/* End PBXContainerItemProxy section */

/* Begin PBXFileReference section */
		635C6DB823EC6B5700AA60E7 /* NYTTopStories.app */ = {isa = PBXFileReference; explicitFileType = wrapper.application; includeInIndex = 0; path = NYTTopStories.app; sourceTree = BUILT_PRODUCTS_DIR; };
		635C6DBB23EC6B5700AA60E7 /* AppDelegate.swift */ = {isa = PBXFileReference; lastKnownFileType = sourcecode.swift; path = AppDelegate.swift; sourceTree = "<group>"; };
		635C6DBD23EC6B5700AA60E7 /* SceneDelegate.swift */ = {isa = PBXFileReference; lastKnownFileType = sourcecode.swift; path = SceneDelegate.swift; sourceTree = "<group>"; };
		635C6DC423EC6B5A00AA60E7 /* Assets.xcassets */ = {isa = PBXFileReference; lastKnownFileType = folder.assetcatalog; path = Assets.xcassets; sourceTree = "<group>"; };
		635C6DC723EC6B5A00AA60E7 /* Base */ = {isa = PBXFileReference; lastKnownFileType = file.storyboard; name = Base; path = Base.lproj/LaunchScreen.storyboard; sourceTree = "<group>"; };
		635C6DC923EC6B5A00AA60E7 /* Info.plist */ = {isa = PBXFileReference; lastKnownFileType = text.plist.xml; path = Info.plist; sourceTree = "<group>"; };
		635C6DCE23EC6B5B00AA60E7 /* NYTTopStoriesTests.xctest */ = {isa = PBXFileReference; explicitFileType = wrapper.cfbundle; includeInIndex = 0; path = NYTTopStoriesTests.xctest; sourceTree = BUILT_PRODUCTS_DIR; };
		635C6DD223EC6B5B00AA60E7 /* NYTTopStoriesTests.swift */ = {isa = PBXFileReference; lastKnownFileType = sourcecode.swift; path = NYTTopStoriesTests.swift; sourceTree = "<group>"; };
		635C6DD423EC6B5B00AA60E7 /* Info.plist */ = {isa = PBXFileReference; lastKnownFileType = text.plist.xml; path = Info.plist; sourceTree = "<group>"; };
		635C6DDD23EC6C3800AA60E7 /* TopStoriesTabController.swift */ = {isa = PBXFileReference; lastKnownFileType = sourcecode.swift; path = TopStoriesTabController.swift; sourceTree = "<group>"; };
		635C6DE123EC6E5200AA60E7 /* NewsFeedVC.swift */ = {isa = PBXFileReference; lastKnownFileType = sourcecode.swift; path = NewsFeedVC.swift; sourceTree = "<group>"; };
		635C6DE323EC6E6E00AA60E7 /* SavedArticleVC.swift */ = {isa = PBXFileReference; lastKnownFileType = sourcecode.swift; path = SavedArticleVC.swift; sourceTree = "<group>"; };
		635C6DE523EC6E8C00AA60E7 /* SettingsVC.swift */ = {isa = PBXFileReference; lastKnownFileType = sourcecode.swift; path = SettingsVC.swift; sourceTree = "<group>"; };
/* End PBXFileReference section */

/* Begin PBXFrameworksBuildPhase section */
		635C6DB523EC6B5700AA60E7 /* Frameworks */ = {
			isa = PBXFrameworksBuildPhase;
			buildActionMask = 2147483647;
			files = (
			);
			runOnlyForDeploymentPostprocessing = 0;
		};
		635C6DCB23EC6B5B00AA60E7 /* Frameworks */ = {
			isa = PBXFrameworksBuildPhase;
			buildActionMask = 2147483647;
			files = (
			);
			runOnlyForDeploymentPostprocessing = 0;
		};
/* End PBXFrameworksBuildPhase section */

/* Begin PBXGroup section */
		635C6DAF23EC6B5700AA60E7 = {
			isa = PBXGroup;
			children = (
				635C6DBA23EC6B5700AA60E7 /* NYTTopStories */,
				635C6DD123EC6B5B00AA60E7 /* NYTTopStoriesTests */,
				635C6DB923EC6B5700AA60E7 /* Products */,
			);
			sourceTree = "<group>";
		};
		635C6DB923EC6B5700AA60E7 /* Products */ = {
			isa = PBXGroup;
			children = (
				635C6DB823EC6B5700AA60E7 /* NYTTopStories.app */,
				635C6DCE23EC6B5B00AA60E7 /* NYTTopStoriesTests.xctest */,
			);
			name = Products;
			sourceTree = "<group>";
		};
		635C6DBA23EC6B5700AA60E7 /* NYTTopStories */ = {
			isa = PBXGroup;
			children = (
				635C6DDF23EC6E0E00AA60E7 /* Supporting Files */,
				635C6DC923EC6B5A00AA60E7 /* Info.plist */,
			);
			path = NYTTopStories;
			sourceTree = "<group>";
		};
		635C6DD123EC6B5B00AA60E7 /* NYTTopStoriesTests */ = {
			isa = PBXGroup;
			children = (
				635C6DD223EC6B5B00AA60E7 /* NYTTopStoriesTests.swift */,
				635C6DD423EC6B5B00AA60E7 /* Info.plist */,
			);
			path = NYTTopStoriesTests;
			sourceTree = "<group>";
		};
		635C6DDF23EC6E0E00AA60E7 /* Supporting Files */ = {
			isa = PBXGroup;
			children = (
				635C6DBB23EC6B5700AA60E7 /* AppDelegate.swift */,
				635C6DBD23EC6B5700AA60E7 /* SceneDelegate.swift */,
				635C6DC423EC6B5A00AA60E7 /* Assets.xcassets */,
				635C6DC623EC6B5A00AA60E7 /* LaunchScreen.storyboard */,
				635C6DE023EC6E2700AA60E7 /* Controllers */,
			);
			path = "Supporting Files";
			sourceTree = "<group>";
		};
		635C6DE023EC6E2700AA60E7 /* Controllers */ = {
			isa = PBXGroup;
			children = (
				635C6DDD23EC6C3800AA60E7 /* TopStoriesTabController.swift */,
				635C6DE123EC6E5200AA60E7 /* NewsFeedVC.swift */,
				635C6DE323EC6E6E00AA60E7 /* SavedArticleVC.swift */,
				635C6DE523EC6E8C00AA60E7 /* SettingsVC.swift */,
			);
			path = Controllers;
			sourceTree = "<group>";
		};
/* End PBXGroup section */

/* Begin PBXNativeTarget section */
		635C6DB723EC6B5700AA60E7 /* NYTTopStories */ = {
			isa = PBXNativeTarget;
			buildConfigurationList = 635C6DD723EC6B5B00AA60E7 /* Build configuration list for PBXNativeTarget "NYTTopStories" */;
			buildPhases = (
				635C6DB423EC6B5700AA60E7 /* Sources */,
				635C6DB523EC6B5700AA60E7 /* Frameworks */,
				635C6DB623EC6B5700AA60E7 /* Resources */,
			);
			buildRules = (
			);
			dependencies = (
			);
			name = NYTTopStories;
			productName = NYTTopStories;
			productReference = 635C6DB823EC6B5700AA60E7 /* NYTTopStories.app */;
			productType = "com.apple.product-type.application";
		};
		635C6DCD23EC6B5B00AA60E7 /* NYTTopStoriesTests */ = {
			isa = PBXNativeTarget;
			buildConfigurationList = 635C6DDA23EC6B5B00AA60E7 /* Build configuration list for PBXNativeTarget "NYTTopStoriesTests" */;
			buildPhases = (
				635C6DCA23EC6B5B00AA60E7 /* Sources */,
				635C6DCB23EC6B5B00AA60E7 /* Frameworks */,
				635C6DCC23EC6B5B00AA60E7 /* Resources */,
			);
			buildRules = (
			);
			dependencies = (
				635C6DD023EC6B5B00AA60E7 /* PBXTargetDependency */,
			);
			name = NYTTopStoriesTests;
			productName = NYTTopStoriesTests;
			productReference = 635C6DCE23EC6B5B00AA60E7 /* NYTTopStoriesTests.xctest */;
			productType = "com.apple.product-type.bundle.unit-test";
		};
/* End PBXNativeTarget section */

/* Begin PBXProject section */
		635C6DB023EC6B5700AA60E7 /* Project object */ = {
			isa = PBXProject;
			attributes = {
				LastSwiftUpdateCheck = 1130;
				LastUpgradeCheck = 1130;
				ORGANIZATIONNAME = "David Lin (Passion Proj)";
				TargetAttributes = {
					635C6DB723EC6B5700AA60E7 = {
						CreatedOnToolsVersion = 11.3;
					};
					635C6DCD23EC6B5B00AA60E7 = {
						CreatedOnToolsVersion = 11.3;
						TestTargetID = 635C6DB723EC6B5700AA60E7;
					};
				};
			};
			buildConfigurationList = 635C6DB323EC6B5700AA60E7 /* Build configuration list for PBXProject "NYTTopStories" */;
			compatibilityVersion = "Xcode 9.3";
			developmentRegion = en;
			hasScannedForEncodings = 0;
			knownRegions = (
				en,
				Base,
			);
			mainGroup = 635C6DAF23EC6B5700AA60E7;
			productRefGroup = 635C6DB923EC6B5700AA60E7 /* Products */;
			projectDirPath = "";
			projectRoot = "";
			targets = (
				635C6DB723EC6B5700AA60E7 /* NYTTopStories */,
				635C6DCD23EC6B5B00AA60E7 /* NYTTopStoriesTests */,
			);
		};
/* End PBXProject section */

/* Begin PBXResourcesBuildPhase section */
		635C6DB623EC6B5700AA60E7 /* Resources */ = {
			isa = PBXResourcesBuildPhase;
			buildActionMask = 2147483647;
			files = (
				635C6DC823EC6B5A00AA60E7 /* LaunchScreen.storyboard in Resources */,
				635C6DC523EC6B5A00AA60E7 /* Assets.xcassets in Resources */,
			);
			runOnlyForDeploymentPostprocessing = 0;
		};
		635C6DCC23EC6B5B00AA60E7 /* Resources */ = {
			isa = PBXResourcesBuildPhase;
			buildActionMask = 2147483647;
			files = (
			);
			runOnlyForDeploymentPostprocessing = 0;
		};
/* End PBXResourcesBuildPhase section */

/* Begin PBXSourcesBuildPhase section */
		635C6DB423EC6B5700AA60E7 /* Sources */ = {
			isa = PBXSourcesBuildPhase;
			buildActionMask = 2147483647;
			files = (
				635C6DBC23EC6B5700AA60E7 /* AppDelegate.swift in Sources */,
				635C6DE423EC6E6E00AA60E7 /* SavedArticleVC.swift in Sources */,
				635C6DE223EC6E5200AA60E7 /* NewsFeedVC.swift in Sources */,
				635C6DDE23EC6C3800AA60E7 /* TopStoriesTabController.swift in Sources */,
				635C6DBE23EC6B5700AA60E7 /* SceneDelegate.swift in Sources */,
				635C6DE623EC6E8C00AA60E7 /* SettingsVC.swift in Sources */,
			);
			runOnlyForDeploymentPostprocessing = 0;
		};
		635C6DCA23EC6B5B00AA60E7 /* Sources */ = {
			isa = PBXSourcesBuildPhase;
			buildActionMask = 2147483647;
			files = (
				635C6DD323EC6B5B00AA60E7 /* NYTTopStoriesTests.swift in Sources */,
			);
			runOnlyForDeploymentPostprocessing = 0;
		};
/* End PBXSourcesBuildPhase section */

/* Begin PBXTargetDependency section */
		635C6DD023EC6B5B00AA60E7 /* PBXTargetDependency */ = {
			isa = PBXTargetDependency;
			target = 635C6DB723EC6B5700AA60E7 /* NYTTopStories */;
			targetProxy = 635C6DCF23EC6B5B00AA60E7 /* PBXContainerItemProxy */;
		};
/* End PBXTargetDependency section */

/* Begin PBXVariantGroup section */
		635C6DC623EC6B5A00AA60E7 /* LaunchScreen.storyboard */ = {
			isa = PBXVariantGroup;
			children = (
				635C6DC723EC6B5A00AA60E7 /* Base */,
			);
			name = LaunchScreen.storyboard;
			sourceTree = "<group>";
		};
/* End PBXVariantGroup section */

/* Begin XCBuildConfiguration section */
		635C6DD523EC6B5B00AA60E7 /* Debug */ = {
			isa = XCBuildConfiguration;
			buildSettings = {
				ALWAYS_SEARCH_USER_PATHS = NO;
				CLANG_ANALYZER_NONNULL = YES;
				CLANG_ANALYZER_NUMBER_OBJECT_CONVERSION = YES_AGGRESSIVE;
				CLANG_CXX_LANGUAGE_STANDARD = "gnu++14";
				CLANG_CXX_LIBRARY = "libc++";
				CLANG_ENABLE_MODULES = YES;
				CLANG_ENABLE_OBJC_ARC = YES;
				CLANG_ENABLE_OBJC_WEAK = YES;
				CLANG_WARN_BLOCK_CAPTURE_AUTORELEASING = YES;
				CLANG_WARN_BOOL_CONVERSION = YES;
				CLANG_WARN_COMMA = YES;
				CLANG_WARN_CONSTANT_CONVERSION = YES;
				CLANG_WARN_DEPRECATED_OBJC_IMPLEMENTATIONS = YES;
				CLANG_WARN_DIRECT_OBJC_ISA_USAGE = YES_ERROR;
				CLANG_WARN_DOCUMENTATION_COMMENTS = YES;
				CLANG_WARN_EMPTY_BODY = YES;
				CLANG_WARN_ENUM_CONVERSION = YES;
				CLANG_WARN_INFINITE_RECURSION = YES;
				CLANG_WARN_INT_CONVERSION = YES;
				CLANG_WARN_NON_LITERAL_NULL_CONVERSION = YES;
				CLANG_WARN_OBJC_IMPLICIT_RETAIN_SELF = YES;
				CLANG_WARN_OBJC_LITERAL_CONVERSION = YES;
				CLANG_WARN_OBJC_ROOT_CLASS = YES_ERROR;
				CLANG_WARN_RANGE_LOOP_ANALYSIS = YES;
				CLANG_WARN_STRICT_PROTOTYPES = YES;
				CLANG_WARN_SUSPICIOUS_MOVE = YES;
				CLANG_WARN_UNGUARDED_AVAILABILITY = YES_AGGRESSIVE;
				CLANG_WARN_UNREACHABLE_CODE = YES;
				CLANG_WARN__DUPLICATE_METHOD_MATCH = YES;
				COPY_PHASE_STRIP = NO;
				DEBUG_INFORMATION_FORMAT = dwarf;
				ENABLE_STRICT_OBJC_MSGSEND = YES;
				ENABLE_TESTABILITY = YES;
				GCC_C_LANGUAGE_STANDARD = gnu11;
				GCC_DYNAMIC_NO_PIC = NO;
				GCC_NO_COMMON_BLOCKS = YES;
				GCC_OPTIMIZATION_LEVEL = 0;
				GCC_PREPROCESSOR_DEFINITIONS = (
					"DEBUG=1",
					"$(inherited)",
				);
				GCC_WARN_64_TO_32_BIT_CONVERSION = YES;
				GCC_WARN_ABOUT_RETURN_TYPE = YES_ERROR;
				GCC_WARN_UNDECLARED_SELECTOR = YES;
				GCC_WARN_UNINITIALIZED_AUTOS = YES_AGGRESSIVE;
				GCC_WARN_UNUSED_FUNCTION = YES;
				GCC_WARN_UNUSED_VARIABLE = YES;
				IPHONEOS_DEPLOYMENT_TARGET = 13.2;
				MTL_ENABLE_DEBUG_INFO = INCLUDE_SOURCE;
				MTL_FAST_MATH = YES;
				ONLY_ACTIVE_ARCH = YES;
				SDKROOT = iphoneos;
				SWIFT_ACTIVE_COMPILATION_CONDITIONS = DEBUG;
				SWIFT_OPTIMIZATION_LEVEL = "-Onone";
			};
			name = Debug;
		};
		635C6DD623EC6B5B00AA60E7 /* Release */ = {
			isa = XCBuildConfiguration;
			buildSettings = {
				ALWAYS_SEARCH_USER_PATHS = NO;
				CLANG_ANALYZER_NONNULL = YES;
				CLANG_ANALYZER_NUMBER_OBJECT_CONVERSION = YES_AGGRESSIVE;
				CLANG_CXX_LANGUAGE_STANDARD = "gnu++14";
				CLANG_CXX_LIBRARY = "libc++";
				CLANG_ENABLE_MODULES = YES;
				CLANG_ENABLE_OBJC_ARC = YES;
				CLANG_ENABLE_OBJC_WEAK = YES;
				CLANG_WARN_BLOCK_CAPTURE_AUTORELEASING = YES;
				CLANG_WARN_BOOL_CONVERSION = YES;
				CLANG_WARN_COMMA = YES;
				CLANG_WARN_CONSTANT_CONVERSION = YES;
				CLANG_WARN_DEPRECATED_OBJC_IMPLEMENTATIONS = YES;
				CLANG_WARN_DIRECT_OBJC_ISA_USAGE = YES_ERROR;
				CLANG_WARN_DOCUMENTATION_COMMENTS = YES;
				CLANG_WARN_EMPTY_BODY = YES;
				CLANG_WARN_ENUM_CONVERSION = YES;
				CLANG_WARN_INFINITE_RECURSION = YES;
				CLANG_WARN_INT_CONVERSION = YES;
				CLANG_WARN_NON_LITERAL_NULL_CONVERSION = YES;
				CLANG_WARN_OBJC_IMPLICIT_RETAIN_SELF = YES;
				CLANG_WARN_OBJC_LITERAL_CONVERSION = YES;
				CLANG_WARN_OBJC_ROOT_CLASS = YES_ERROR;
				CLANG_WARN_RANGE_LOOP_ANALYSIS = YES;
				CLANG_WARN_STRICT_PROTOTYPES = YES;
				CLANG_WARN_SUSPICIOUS_MOVE = YES;
				CLANG_WARN_UNGUARDED_AVAILABILITY = YES_AGGRESSIVE;
				CLANG_WARN_UNREACHABLE_CODE = YES;
				CLANG_WARN__DUPLICATE_METHOD_MATCH = YES;
				COPY_PHASE_STRIP = NO;
				DEBUG_INFORMATION_FORMAT = "dwarf-with-dsym";
				ENABLE_NS_ASSERTIONS = NO;
				ENABLE_STRICT_OBJC_MSGSEND = YES;
				GCC_C_LANGUAGE_STANDARD = gnu11;
				GCC_NO_COMMON_BLOCKS = YES;
				GCC_WARN_64_TO_32_BIT_CONVERSION = YES;
				GCC_WARN_ABOUT_RETURN_TYPE = YES_ERROR;
				GCC_WARN_UNDECLARED_SELECTOR = YES;
				GCC_WARN_UNINITIALIZED_AUTOS = YES_AGGRESSIVE;
				GCC_WARN_UNUSED_FUNCTION = YES;
				GCC_WARN_UNUSED_VARIABLE = YES;
				IPHONEOS_DEPLOYMENT_TARGET = 13.2;
				MTL_ENABLE_DEBUG_INFO = NO;
				MTL_FAST_MATH = YES;
				SDKROOT = iphoneos;
				SWIFT_COMPILATION_MODE = wholemodule;
				SWIFT_OPTIMIZATION_LEVEL = "-O";
				VALIDATE_PRODUCT = YES;
			};
			name = Release;
		};
		635C6DD823EC6B5B00AA60E7 /* Debug */ = {
			isa = XCBuildConfiguration;
			buildSettings = {
				ASSETCATALOG_COMPILER_APPICON_NAME = AppIcon;
				CODE_SIGN_STYLE = Automatic;
				DEVELOPMENT_TEAM = KJJ3AHRK2K;
				INFOPLIST_FILE = NYTTopStories/Info.plist;
				LD_RUNPATH_SEARCH_PATHS = (
					"$(inherited)",
					"@executable_path/Frameworks",
				);
				PRODUCT_BUNDLE_IDENTIFIER = com.example.NYTTopStories;
				PRODUCT_NAME = "$(TARGET_NAME)";
				SWIFT_VERSION = 5.0;
				TARGETED_DEVICE_FAMILY = "1,2";
			};
			name = Debug;
		};
		635C6DD923EC6B5B00AA60E7 /* Release */ = {
			isa = XCBuildConfiguration;
			buildSettings = {
				ASSETCATALOG_COMPILER_APPICON_NAME = AppIcon;
				CODE_SIGN_STYLE = Automatic;
				DEVELOPMENT_TEAM = KJJ3AHRK2K;
				INFOPLIST_FILE = NYTTopStories/Info.plist;
				LD_RUNPATH_SEARCH_PATHS = (
					"$(inherited)",
					"@executable_path/Frameworks",
				);
				PRODUCT_BUNDLE_IDENTIFIER = com.example.NYTTopStories;
				PRODUCT_NAME = "$(TARGET_NAME)";
				SWIFT_VERSION = 5.0;
				TARGETED_DEVICE_FAMILY = "1,2";
			};
			name = Release;
		};
		635C6DDB23EC6B5B00AA60E7 /* Debug */ = {
			isa = XCBuildConfiguration;
			buildSettings = {
				ALWAYS_EMBED_SWIFT_STANDARD_LIBRARIES = YES;
				BUNDLE_LOADER = "$(TEST_HOST)";
				CODE_SIGN_STYLE = Automatic;
				DEVELOPMENT_TEAM = KJJ3AHRK2K;
				INFOPLIST_FILE = NYTTopStoriesTests/Info.plist;
				IPHONEOS_DEPLOYMENT_TARGET = 13.2;
				LD_RUNPATH_SEARCH_PATHS = (
					"$(inherited)",
					"@executable_path/Frameworks",
					"@loader_path/Frameworks",
				);
				PRODUCT_BUNDLE_IDENTIFIER = com.example.NYTTopStoriesTests;
				PRODUCT_NAME = "$(TARGET_NAME)";
				SWIFT_VERSION = 5.0;
				TARGETED_DEVICE_FAMILY = "1,2";
				TEST_HOST = "$(BUILT_PRODUCTS_DIR)/NYTTopStories.app/NYTTopStories";
			};
			name = Debug;
		};
		635C6DDC23EC6B5B00AA60E7 /* Release */ = {
			isa = XCBuildConfiguration;
			buildSettings = {
				ALWAYS_EMBED_SWIFT_STANDARD_LIBRARIES = YES;
				BUNDLE_LOADER = "$(TEST_HOST)";
				CODE_SIGN_STYLE = Automatic;
				DEVELOPMENT_TEAM = KJJ3AHRK2K;
				INFOPLIST_FILE = NYTTopStoriesTests/Info.plist;
				IPHONEOS_DEPLOYMENT_TARGET = 13.2;
				LD_RUNPATH_SEARCH_PATHS = (
					"$(inherited)",
					"@executable_path/Frameworks",
					"@loader_path/Frameworks",
				);
				PRODUCT_BUNDLE_IDENTIFIER = com.example.NYTTopStoriesTests;
				PRODUCT_NAME = "$(TARGET_NAME)";
				SWIFT_VERSION = 5.0;
				TARGETED_DEVICE_FAMILY = "1,2";
				TEST_HOST = "$(BUILT_PRODUCTS_DIR)/NYTTopStories.app/NYTTopStories";
			};
			name = Release;
		};
/* End XCBuildConfiguration section */

/* Begin XCConfigurationList section */
		635C6DB323EC6B5700AA60E7 /* Build configuration list for PBXProject "NYTTopStories" */ = {
			isa = XCConfigurationList;
			buildConfigurations = (
				635C6DD523EC6B5B00AA60E7 /* Debug */,
				635C6DD623EC6B5B00AA60E7 /* Release */,
			);
			defaultConfigurationIsVisible = 0;
			defaultConfigurationName = Release;
		};
		635C6DD723EC6B5B00AA60E7 /* Build configuration list for PBXNativeTarget "NYTTopStories" */ = {
			isa = XCConfigurationList;
			buildConfigurations = (
				635C6DD823EC6B5B00AA60E7 /* Debug */,
				635C6DD923EC6B5B00AA60E7 /* Release */,
			);
			defaultConfigurationIsVisible = 0;
			defaultConfigurationName = Release;
		};
		635C6DDA23EC6B5B00AA60E7 /* Build configuration list for PBXNativeTarget "NYTTopStoriesTests" */ = {
			isa = XCConfigurationList;
			buildConfigurations = (
				635C6DDB23EC6B5B00AA60E7 /* Debug */,
				635C6DDC23EC6B5B00AA60E7 /* Release */,
			);
			defaultConfigurationIsVisible = 0;
			defaultConfigurationName = Release;
		};
/* End XCConfigurationList section */
	};
	rootObject = 635C6DB023EC6B5700AA60E7 /* Project object */;
}
